
Microsoft Visual Studio Solution File, Format Version 12.00
# Visual Studio Version 16
VisualStudioVersion = 16.0.30804.86
MinimumVisualStudioVersion = 10.0.40219.1
Project("{FAE04EC0-301F-11D3-BF4B-00C04F79EFBC}") = "DIO.Bank", "DIO.Bank\DIO.Bank.csproj", "{DF982DB8-EC4C-44EC-BAB0-D6ED30E762CB}"
EndProject
Global
	GlobalSection(SolutionConfigurationPlatforms) = preSolution
		Debug|Any CPU = Debug|Any CPU
		Release|Any CPU = Release|Any CPU
	EndGlobalSection
	GlobalSection(ProjectConfigurationPlatforms) = postSolution
		{DF982DB8-EC4C-44EC-BAB0-D6ED30E762CB}.Debug|Any CPU.ActiveCfg = Debug|Any CPU
		{DF982DB8-EC4C-44EC-BAB0-D6ED30E762CB}.Debug|Any CPU.Build.0 = Debug|Any CPU
		{DF982DB8-EC4C-44EC-BAB0-D6ED30E762CB}.Release|Any CPU.ActiveCfg = Release|Any CPU
		{DF982DB8-EC4C-44EC-BAB0-D6ED30E762CB}.Release|Any CPU.Build.0 = Release|Any CPU
	EndGlobalSection
	GlobalSection(SolutionProperties) = preSolution
		HideSolutionNode = FALSE
	EndGlobalSection
	GlobalSection(ExtensibilityGlobals) = postSolution
		SolutionGuid = {C33F767C-E454-4216-95D8-4584AAA7138B}
	EndGlobalSection
EndGlobal
